
Microsoft Visual Studio Solution File, Format Version 12.00
# Visual Studio Version 16
VisualStudioVersion = 16.0.28922.388
MinimumVisualStudioVersion = 10.0.40219.1
Project("{9A19103F-16F7-4668-BE54-9A1E7A4F7556}") = "JiraDashboard", "..\JiraDashboard.csproj", "{8E0E03D3-3953-4D33-9D65-869938DE8D45}"
EndProject
Global
	GlobalSection(SolutionConfigurationPlatforms) = preSolution
		Debug|Any CPU = Debug|Any CPU
		Release|Any CPU = Release|Any CPU
	EndGlobalSection
	GlobalSection(ProjectConfigurationPlatforms) = postSolution
		{8E0E03D3-3953-4D33-9D65-869938DE8D45}.Debug|Any CPU.ActiveCfg = Debug|Any CPU
		{8E0E03D3-3953-4D33-9D65-869938DE8D45}.Debug|Any CPU.Build.0 = Debug|Any CPU
		{8E0E03D3-3953-4D33-9D65-869938DE8D45}.Release|Any CPU.ActiveCfg = Release|Any CPU
		{8E0E03D3-3953-4D33-9D65-869938DE8D45}.Release|Any CPU.Build.0 = Release|Any CPU
	EndGlobalSection
	GlobalSection(SolutionProperties) = preSolution
		HideSolutionNode = FALSE
	EndGlobalSection
	GlobalSection(ExtensibilityGlobals) = postSolution
		SolutionGuid = {7B926E31-8BDA-4610-B7C3-D56FE3C36DAD}
	EndGlobalSection
EndGlobal
